
Microsoft Visual Studio Solution File, Format Version 12.00
# Visual Studio 14
VisualStudioVersion = 14.0.25420.1
MinimumVisualStudioVersion = 10.0.40219.1
Project("{FAE04EC0-301F-11D3-BF4B-00C04F79EFBC}") = "TressMontage.Client", "TressMontage.Client\TressMontage.Client\TressMontage.Client.csproj", "{2C0DF815-D7E2-4219-97C9-188DBBD9BAD3}"
EndProject
Project("{FAE04EC0-301F-11D3-BF4B-00C04F79EFBC}") = "TressMontage.Client.Droid", "TressMontage.Client\TressMontage.Client.Droid\TressMontage.Client.Droid.csproj", "{98828718-1B7A-48A1-9E74-3A2048B550C5}"
EndProject
Project("{FAE04EC0-301F-11D3-BF4B-00C04F79EFBC}") = "TressMontage.Client.iOS", "TressMontage.Client\TressMontage.Client.iOS\TressMontage.Client.iOS.csproj", "{E5560ACB-6C32-43D5-A38A-9F766200D522}"
EndProject
Project("{FAE04EC0-301F-11D3-BF4B-00C04F79EFBC}") = "TressMontage.Client.WinPhone", "TressMontage.Client\TressMontage.Client.WinPhone\TressMontage.Client.WinPhone.csproj", "{737147EF-1C0D-459C-B86F-49336602498D}"
EndProject
Project("{FAE04EC0-301F-11D3-BF4B-00C04F79EFBC}") = "TressMontage.Client.UWP", "TressMontage.Client\TressMontage.Client.UWP\TressMontage.Client.UWP.csproj", "{CB21AE6F-D810-4E49-BD58-F53E09F80312}"
EndProject
Project("{FAE04EC0-301F-11D3-BF4B-00C04F79EFBC}") = "TressMontage.Client.Windows", "TressMontage.Client\TressMontage.Client.Windows\TressMontage.Client.Windows.csproj", "{33EF8B9B-12F0-413B-AD97-43E2556EC4DE}"
EndProject
Project("{2150E333-8FDC-42A3-9474-1A3956D46DE8}") = "Client", "Client", "{BA6626E8-EF1A-4D7C-AD1D-76E9D094A1AE}"
EndProject
Project("{2150E333-8FDC-42A3-9474-1A3956D46DE8}") = "Client.Core", "Client.Core", "{59137B7F-89EF-49F5-8A4C-504CE6073A18}"
EndProject
Project("{FAE04EC0-301F-11D3-BF4B-00C04F79EFBC}") = "TressMontage.Client.Core", "TressMontage.Client.Core\TressMontage.Client.Core\TressMontage.Client.Core.csproj", "{71CEBBE1-ACF6-40BC-9F80-CB1AA0148CE8}"
EndProject
Global
	GlobalSection(SolutionConfigurationPlatforms) = preSolution
		Ad-Hoc|Any CPU = Ad-Hoc|Any CPU
		Ad-Hoc|ARM = Ad-Hoc|ARM
		Ad-Hoc|iPhone = Ad-Hoc|iPhone
		Ad-Hoc|iPhoneSimulator = Ad-Hoc|iPhoneSimulator
		Ad-Hoc|x64 = Ad-Hoc|x64
		Ad-Hoc|x86 = Ad-Hoc|x86
		AppStore|Any CPU = AppStore|Any CPU
		AppStore|ARM = AppStore|ARM
		AppStore|iPhone = AppStore|iPhone
		AppStore|iPhoneSimulator = AppStore|iPhoneSimulator
		AppStore|x64 = AppStore|x64
		AppStore|x86 = AppStore|x86
		Debug|Any CPU = Debug|Any CPU
		Debug|ARM = Debug|ARM
		Debug|iPhone = Debug|iPhone
		Debug|iPhoneSimulator = Debug|iPhoneSimulator
		Debug|x64 = Debug|x64
		Debug|x86 = Debug|x86
		Release|Any CPU = Release|Any CPU
		Release|ARM = Release|ARM
		Release|iPhone = Release|iPhone
		Release|iPhoneSimulator = Release|iPhoneSimulator
		Release|x64 = Release|x64
		Release|x86 = Release|x86
	EndGlobalSection
	GlobalSection(ProjectConfigurationPlatforms) = postSolution
		{2C0DF815-D7E2-4219-97C9-188DBBD9BAD3}.Ad-Hoc|Any CPU.ActiveCfg = Release|Any CPU
		{2C0DF815-D7E2-4219-97C9-188DBBD9BAD3}.Ad-Hoc|Any CPU.Build.0 = Release|Any CPU
		{2C0DF815-D7E2-4219-97C9-188DBBD9BAD3}.Ad-Hoc|ARM.ActiveCfg = Release|Any CPU
		{2C0DF815-D7E2-4219-97C9-188DBBD9BAD3}.Ad-Hoc|ARM.Build.0 = Release|Any CPU
		{2C0DF815-D7E2-4219-97C9-188DBBD9BAD3}.Ad-Hoc|iPhone.ActiveCfg = Release|Any CPU
		{2C0DF815-D7E2-4219-97C9-188DBBD9BAD3}.Ad-Hoc|iPhone.Build.0 = Release|Any CPU
		{2C0DF815-D7E2-4219-97C9-188DBBD9BAD3}.Ad-Hoc|iPhoneSimulator.ActiveCfg = Release|Any CPU
		{2C0DF815-D7E2-4219-97C9-188DBBD9BAD3}.Ad-Hoc|iPhoneSimulator.Build.0 = Release|Any CPU
		{2C0DF815-D7E2-4219-97C9-188DBBD9BAD3}.Ad-Hoc|x64.ActiveCfg = Release|Any CPU
		{2C0DF815-D7E2-4219-97C9-188DBBD9BAD3}.Ad-Hoc|x64.Build.0 = Release|Any CPU
		{2C0DF815-D7E2-4219-97C9-188DBBD9BAD3}.Ad-Hoc|x86.ActiveCfg = Release|Any CPU
		{2C0DF815-D7E2-4219-97C9-188DBBD9BAD3}.Ad-Hoc|x86.Build.0 = Release|Any CPU
		{2C0DF815-D7E2-4219-97C9-188DBBD9BAD3}.AppStore|Any CPU.ActiveCfg = Release|Any CPU
		{2C0DF815-D7E2-4219-97C9-188DBBD9BAD3}.AppStore|Any CPU.Build.0 = Release|Any CPU
		{2C0DF815-D7E2-4219-97C9-188DBBD9BAD3}.AppStore|ARM.ActiveCfg = Release|Any CPU
		{2C0DF815-D7E2-4219-97C9-188DBBD9BAD3}.AppStore|ARM.Build.0 = Release|Any CPU
		{2C0DF815-D7E2-4219-97C9-188DBBD9BAD3}.AppStore|iPhone.ActiveCfg = Release|Any CPU
		{2C0DF815-D7E2-4219-97C9-188DBBD9BAD3}.AppStore|iPhone.Build.0 = Release|Any CPU
		{2C0DF815-D7E2-4219-97C9-188DBBD9BAD3}.AppStore|iPhoneSimulator.ActiveCfg = Release|Any CPU
		{2C0DF815-D7E2-4219-97C9-188DBBD9BAD3}.AppStore|iPhoneSimulator.Build.0 = Release|Any CPU
		{2C0DF815-D7E2-4219-97C9-188DBBD9BAD3}.AppStore|x64.ActiveCfg = Release|Any CPU
		{2C0DF815-D7E2-4219-97C9-188DBBD9BAD3}.AppStore|x64.Build.0 = Release|Any CPU
		{2C0DF815-D7E2-4219-97C9-188DBBD9BAD3}.AppStore|x86.ActiveCfg = Release|Any CPU
		{2C0DF815-D7E2-4219-97C9-188DBBD9BAD3}.AppStore|x86.Build.0 = Release|Any CPU
		{2C0DF815-D7E2-4219-97C9-188DBBD9BAD3}.Debug|Any CPU.ActiveCfg = Debug|Any CPU
		{2C0DF815-D7E2-4219-97C9-188DBBD9BAD3}.Debug|Any CPU.Build.0 = Debug|Any CPU
		{2C0DF815-D7E2-4219-97C9-188DBBD9BAD3}.Debug|ARM.ActiveCfg = Debug|Any CPU
		{2C0DF815-D7E2-4219-97C9-188DBBD9BAD3}.Debug|ARM.Build.0 = Debug|Any CPU
		{2C0DF815-D7E2-4219-97C9-188DBBD9BAD3}.Debug|iPhone.ActiveCfg = Debug|Any CPU
		{2C0DF815-D7E2-4219-97C9-188DBBD9BAD3}.Debug|iPhone.Build.0 = Debug|Any CPU
		{2C0DF815-D7E2-4219-97C9-188DBBD9BAD3}.Debug|iPhoneSimulator.ActiveCfg = Debug|Any CPU
		{2C0DF815-D7E2-4219-97C9-188DBBD9BAD3}.Debug|iPhoneSimulator.Build.0 = Debug|Any CPU
		{2C0DF815-D7E2-4219-97C9-188DBBD9BAD3}.Debug|x64.ActiveCfg = Debug|Any CPU
		{2C0DF815-D7E2-4219-97C9-188DBBD9BAD3}.Debug|x64.Build.0 = Debug|Any CPU
		{2C0DF815-D7E2-4219-97C9-188DBBD9BAD3}.Debug|x86.ActiveCfg = Debug|Any CPU
		{2C0DF815-D7E2-4219-97C9-188DBBD9BAD3}.Debug|x86.Build.0 = Debug|Any CPU
		{2C0DF815-D7E2-4219-97C9-188DBBD9BAD3}.Release|Any CPU.ActiveCfg = Release|Any CPU
		{2C0DF815-D7E2-4219-97C9-188DBBD9BAD3}.Release|Any CPU.Build.0 = Release|Any CPU
		{2C0DF815-D7E2-4219-97C9-188DBBD9BAD3}.Release|ARM.ActiveCfg = Release|Any CPU
		{2C0DF815-D7E2-4219-97C9-188DBBD9BAD3}.Release|ARM.Build.0 = Release|Any CPU
		{2C0DF815-D7E2-4219-97C9-188DBBD9BAD3}.Release|iPhone.ActiveCfg = Release|Any CPU
		{2C0DF815-D7E2-4219-97C9-188DBBD9BAD3}.Release|iPhone.Build.0 = Release|Any CPU
		{2C0DF815-D7E2-4219-97C9-188DBBD9BAD3}.Release|iPhoneSimulator.ActiveCfg = Release|Any CPU
		{2C0DF815-D7E2-4219-97C9-188DBBD9BAD3}.Release|iPhoneSimulator.Build.0 = Release|Any CPU
		{2C0DF815-D7E2-4219-97C9-188DBBD9BAD3}.Release|x64.ActiveCfg = Release|Any CPU
		{2C0DF815-D7E2-4219-97C9-188DBBD9BAD3}.Release|x64.Build.0 = Release|Any CPU
		{2C0DF815-D7E2-4219-97C9-188DBBD9BAD3}.Release|x86.ActiveCfg = Release|Any CPU
		{2C0DF815-D7E2-4219-97C9-188DBBD9BAD3}.Release|x86.Build.0 = Release|Any CPU
		{98828718-1B7A-48A1-9E74-3A2048B550C5}.Ad-Hoc|Any CPU.ActiveCfg = Release|Any CPU
		{98828718-1B7A-48A1-9E74-3A2048B550C5}.Ad-Hoc|Any CPU.Build.0 = Release|Any CPU
		{98828718-1B7A-48A1-9E74-3A2048B550C5}.Ad-Hoc|Any CPU.Deploy.0 = Release|Any CPU
		{98828718-1B7A-48A1-9E74-3A2048B550C5}.Ad-Hoc|ARM.ActiveCfg = Release|Any CPU
		{98828718-1B7A-48A1-9E74-3A2048B550C5}.Ad-Hoc|ARM.Build.0 = Release|Any CPU
		{98828718-1B7A-48A1-9E74-3A2048B550C5}.Ad-Hoc|ARM.Deploy.0 = Release|Any CPU
		{98828718-1B7A-48A1-9E74-3A2048B550C5}.Ad-Hoc|iPhone.ActiveCfg = Release|Any CPU
		{98828718-1B7A-48A1-9E74-3A2048B550C5}.Ad-Hoc|iPhone.Build.0 = Release|Any CPU
		{98828718-1B7A-48A1-9E74-3A2048B550C5}.Ad-Hoc|iPhone.Deploy.0 = Release|Any CPU
		{98828718-1B7A-48A1-9E74-3A2048B550C5}.Ad-Hoc|iPhoneSimulator.ActiveCfg = Release|Any CPU
		{98828718-1B7A-48A1-9E74-3A2048B550C5}.Ad-Hoc|iPhoneSimulator.Build.0 = Release|Any CPU
		{98828718-1B7A-48A1-9E74-3A2048B550C5}.Ad-Hoc|iPhoneSimulator.Deploy.0 = Release|Any CPU
		{98828718-1B7A-48A1-9E74-3A2048B550C5}.Ad-Hoc|x64.ActiveCfg = Release|Any CPU
		{98828718-1B7A-48A1-9E74-3A2048B550C5}.Ad-Hoc|x64.Build.0 = Release|Any CPU
		{98828718-1B7A-48A1-9E74-3A2048B550C5}.Ad-Hoc|x64.Deploy.0 = Release|Any CPU
		{98828718-1B7A-48A1-9E74-3A2048B550C5}.Ad-Hoc|x86.ActiveCfg = Release|Any CPU
		{98828718-1B7A-48A1-9E74-3A2048B550C5}.Ad-Hoc|x86.Build.0 = Release|Any CPU
		{98828718-1B7A-48A1-9E74-3A2048B550C5}.Ad-Hoc|x86.Deploy.0 = Release|Any CPU
		{98828718-1B7A-48A1-9E74-3A2048B550C5}.AppStore|Any CPU.ActiveCfg = Release|Any CPU
		{98828718-1B7A-48A1-9E74-3A2048B550C5}.AppStore|Any CPU.Build.0 = Release|Any CPU
		{98828718-1B7A-48A1-9E74-3A2048B550C5}.AppStore|Any CPU.Deploy.0 = Release|Any CPU
		{98828718-1B7A-48A1-9E74-3A2048B550C5}.AppStore|ARM.ActiveCfg = Release|Any CPU
		{98828718-1B7A-48A1-9E74-3A2048B550C5}.AppStore|ARM.Build.0 = Release|Any CPU
		{98828718-1B7A-48A1-9E74-3A2048B550C5}.AppStore|ARM.Deploy.0 = Release|Any CPU
		{98828718-1B7A-48A1-9E74-3A2048B550C5}.AppStore|iPhone.ActiveCfg = Release|Any CPU
		{98828718-1B7A-48A1-9E74-3A2048B550C5}.AppStore|iPhone.Build.0 = Release|Any CPU
		{98828718-1B7A-48A1-9E74-3A2048B550C5}.AppStore|iPhone.Deploy.0 = Release|Any CPU
		{98828718-1B7A-48A1-9E74-3A2048B550C5}.AppStore|iPhoneSimulator.ActiveCfg = Release|Any CPU
		{98828718-1B7A-48A1-9E74-3A2048B550C5}.AppStore|iPhoneSimulator.Build.0 = Release|Any CPU
		{98828718-1B7A-48A1-9E74-3A2048B550C5}.AppStore|iPhoneSimulator.Deploy.0 = Release|Any CPU
		{98828718-1B7A-48A1-9E74-3A2048B550C5}.AppStore|x64.ActiveCfg = Release|Any CPU
		{98828718-1B7A-48A1-9E74-3A2048B550C5}.AppStore|x64.Build.0 = Release|Any CPU
		{98828718-1B7A-48A1-9E74-3A2048B550C5}.AppStore|x64.Deploy.0 = Release|Any CPU
		{98828718-1B7A-48A1-9E74-3A2048B550C5}.AppStore|x86.ActiveCfg = Release|Any CPU
		{98828718-1B7A-48A1-9E74-3A2048B550C5}.AppStore|x86.Build.0 = Release|Any CPU
		{98828718-1B7A-48A1-9E74-3A2048B550C5}.AppStore|x86.Deploy.0 = Release|Any CPU
		{98828718-1B7A-48A1-9E74-3A2048B550C5}.Debug|Any CPU.ActiveCfg = Debug|Any CPU
		{98828718-1B7A-48A1-9E74-3A2048B550C5}.Debug|Any CPU.Build.0 = Debug|Any CPU
		{98828718-1B7A-48A1-9E74-3A2048B550C5}.Debug|Any CPU.Deploy.0 = Debug|Any CPU
		{98828718-1B7A-48A1-9E74-3A2048B550C5}.Debug|ARM.ActiveCfg = Debug|Any CPU
		{98828718-1B7A-48A1-9E74-3A2048B550C5}.Debug|ARM.Build.0 = Debug|Any CPU
		{98828718-1B7A-48A1-9E74-3A2048B550C5}.Debug|ARM.Deploy.0 = Debug|Any CPU
		{98828718-1B7A-48A1-9E74-3A2048B550C5}.Debug|iPhone.ActiveCfg = Debug|Any CPU
		{98828718-1B7A-48A1-9E74-3A2048B550C5}.Debug|iPhone.Build.0 = Debug|Any CPU
		{98828718-1B7A-48A1-9E74-3A2048B550C5}.Debug|iPhone.Deploy.0 = Debug|Any CPU
		{98828718-1B7A-48A1-9E74-3A2048B550C5}.Debug|iPhoneSimulator.ActiveCfg = Debug|Any CPU
		{98828718-1B7A-48A1-9E74-3A2048B550C5}.Debug|iPhoneSimulator.Build.0 = Debug|Any CPU
		{98828718-1B7A-48A1-9E74-3A2048B550C5}.Debug|iPhoneSimulator.Deploy.0 = Debug|Any CPU
		{98828718-1B7A-48A1-9E74-3A2048B550C5}.Debug|x64.ActiveCfg = Debug|Any CPU
		{98828718-1B7A-48A1-9E74-3A2048B550C5}.Debug|x64.Build.0 = Debug|Any CPU
		{98828718-1B7A-48A1-9E74-3A2048B550C5}.Debug|x64.Deploy.0 = Debug|Any CPU
		{98828718-1B7A-48A1-9E74-3A2048B550C5}.Debug|x86.ActiveCfg = Debug|Any CPU
		{98828718-1B7A-48A1-9E74-3A2048B550C5}.Debug|x86.Build.0 = Debug|Any CPU
		{98828718-1B7A-48A1-9E74-3A2048B550C5}.Debug|x86.Deploy.0 = Debug|Any CPU
		{98828718-1B7A-48A1-9E74-3A2048B550C5}.Release|Any CPU.ActiveCfg = Release|Any CPU
		{98828718-1B7A-48A1-9E74-3A2048B550C5}.Release|Any CPU.Build.0 = Release|Any CPU
		{98828718-1B7A-48A1-9E74-3A2048B550C5}.Release|Any CPU.Deploy.0 = Release|Any CPU
		{98828718-1B7A-48A1-9E74-3A2048B550C5}.Release|ARM.ActiveCfg = Release|Any CPU
		{98828718-1B7A-48A1-9E74-3A2048B550C5}.Release|ARM.Build.0 = Release|Any CPU
		{98828718-1B7A-48A1-9E74-3A2048B550C5}.Release|ARM.Deploy.0 = Release|Any CPU
		{98828718-1B7A-48A1-9E74-3A2048B550C5}.Release|iPhone.ActiveCfg = Release|Any CPU
		{98828718-1B7A-48A1-9E74-3A2048B550C5}.Release|iPhone.Build.0 = Release|Any CPU
		{98828718-1B7A-48A1-9E74-3A2048B550C5}.Release|iPhone.Deploy.0 = Release|Any CPU
		{98828718-1B7A-48A1-9E74-3A2048B550C5}.Release|iPhoneSimulator.ActiveCfg = Release|Any CPU
		{98828718-1B7A-48A1-9E74-3A2048B550C5}.Release|iPhoneSimulator.Build.0 = Release|Any CPU
		{98828718-1B7A-48A1-9E74-3A2048B550C5}.Release|iPhoneSimulator.Deploy.0 = Release|Any CPU
		{98828718-1B7A-48A1-9E74-3A2048B550C5}.Release|x64.ActiveCfg = Release|Any CPU
		{98828718-1B7A-48A1-9E74-3A2048B550C5}.Release|x64.Build.0 = Release|Any CPU
		{98828718-1B7A-48A1-9E74-3A2048B550C5}.Release|x64.Deploy.0 = Release|Any CPU
		{98828718-1B7A-48A1-9E74-3A2048B550C5}.Release|x86.ActiveCfg = Release|Any CPU
		{98828718-1B7A-48A1-9E74-3A2048B550C5}.Release|x86.Build.0 = Release|Any CPU
		{98828718-1B7A-48A1-9E74-3A2048B550C5}.Release|x86.Deploy.0 = Release|Any CPU
		{E5560ACB-6C32-43D5-A38A-9F766200D522}.Ad-Hoc|Any CPU.ActiveCfg = Ad-Hoc|iPhone
		{E5560ACB-6C32-43D5-A38A-9F766200D522}.Ad-Hoc|ARM.ActiveCfg = Ad-Hoc|iPhone
		{E5560ACB-6C32-43D5-A38A-9F766200D522}.Ad-Hoc|iPhone.ActiveCfg = Ad-Hoc|iPhone
		{E5560ACB-6C32-43D5-A38A-9F766200D522}.Ad-Hoc|iPhone.Build.0 = Ad-Hoc|iPhone
		{E5560ACB-6C32-43D5-A38A-9F766200D522}.Ad-Hoc|iPhoneSimulator.ActiveCfg = Ad-Hoc|iPhoneSimulator
		{E5560ACB-6C32-43D5-A38A-9F766200D522}.Ad-Hoc|iPhoneSimulator.Build.0 = Ad-Hoc|iPhoneSimulator
		{E5560ACB-6C32-43D5-A38A-9F766200D522}.Ad-Hoc|x64.ActiveCfg = Ad-Hoc|iPhone
		{E5560ACB-6C32-43D5-A38A-9F766200D522}.Ad-Hoc|x86.ActiveCfg = Ad-Hoc|iPhone
		{E5560ACB-6C32-43D5-A38A-9F766200D522}.AppStore|Any CPU.ActiveCfg = AppStore|iPhone
		{E5560ACB-6C32-43D5-A38A-9F766200D522}.AppStore|ARM.ActiveCfg = AppStore|iPhone
		{E5560ACB-6C32-43D5-A38A-9F766200D522}.AppStore|iPhone.ActiveCfg = AppStore|iPhone
		{E5560ACB-6C32-43D5-A38A-9F766200D522}.AppStore|iPhone.Build.0 = AppStore|iPhone
		{E5560ACB-6C32-43D5-A38A-9F766200D522}.AppStore|iPhoneSimulator.ActiveCfg = AppStore|iPhoneSimulator
		{E5560ACB-6C32-43D5-A38A-9F766200D522}.AppStore|iPhoneSimulator.Build.0 = AppStore|iPhoneSimulator
		{E5560ACB-6C32-43D5-A38A-9F766200D522}.AppStore|x64.ActiveCfg = AppStore|iPhone
		{E5560ACB-6C32-43D5-A38A-9F766200D522}.AppStore|x86.ActiveCfg = AppStore|iPhone
		{E5560ACB-6C32-43D5-A38A-9F766200D522}.Debug|Any CPU.ActiveCfg = Debug|iPhone
		{E5560ACB-6C32-43D5-A38A-9F766200D522}.Debug|ARM.ActiveCfg = Debug|iPhone
		{E5560ACB-6C32-43D5-A38A-9F766200D522}.Debug|iPhone.ActiveCfg = Debug|iPhone
		{E5560ACB-6C32-43D5-A38A-9F766200D522}.Debug|iPhone.Build.0 = Debug|iPhone
		{E5560ACB-6C32-43D5-A38A-9F766200D522}.Debug|iPhoneSimulator.ActiveCfg = Debug|iPhoneSimulator
		{E5560ACB-6C32-43D5-A38A-9F766200D522}.Debug|iPhoneSimulator.Build.0 = Debug|iPhoneSimulator
		{E5560ACB-6C32-43D5-A38A-9F766200D522}.Debug|x64.ActiveCfg = Debug|iPhone
		{E5560ACB-6C32-43D5-A38A-9F766200D522}.Debug|x86.ActiveCfg = Debug|iPhone
		{E5560ACB-6C32-43D5-A38A-9F766200D522}.Release|Any CPU.ActiveCfg = Release|iPhone
		{E5560ACB-6C32-43D5-A38A-9F766200D522}.Release|ARM.ActiveCfg = Release|iPhone
		{E5560ACB-6C32-43D5-A38A-9F766200D522}.Release|iPhone.ActiveCfg = Release|iPhone
		{E5560ACB-6C32-43D5-A38A-9F766200D522}.Release|iPhone.Build.0 = Release|iPhone
		{E5560ACB-6C32-43D5-A38A-9F766200D522}.Release|iPhoneSimulator.ActiveCfg = Release|iPhoneSimulator
		{E5560ACB-6C32-43D5-A38A-9F766200D522}.Release|iPhoneSimulator.Build.0 = Release|iPhoneSimulator
		{E5560ACB-6C32-43D5-A38A-9F766200D522}.Release|x64.ActiveCfg = Release|iPhone
		{E5560ACB-6C32-43D5-A38A-9F766200D522}.Release|x86.ActiveCfg = Release|iPhone
		{737147EF-1C0D-459C-B86F-49336602498D}.Ad-Hoc|Any CPU.ActiveCfg = Release|Any CPU
		{737147EF-1C0D-459C-B86F-49336602498D}.Ad-Hoc|Any CPU.Build.0 = Release|Any CPU
		{737147EF-1C0D-459C-B86F-49336602498D}.Ad-Hoc|Any CPU.Deploy.0 = Release|Any CPU
		{737147EF-1C0D-459C-B86F-49336602498D}.Ad-Hoc|ARM.ActiveCfg = Release|ARM
		{737147EF-1C0D-459C-B86F-49336602498D}.Ad-Hoc|ARM.Build.0 = Release|ARM
		{737147EF-1C0D-459C-B86F-49336602498D}.Ad-Hoc|ARM.Deploy.0 = Release|ARM
		{737147EF-1C0D-459C-B86F-49336602498D}.Ad-Hoc|iPhone.ActiveCfg = Release|Any CPU
		{737147EF-1C0D-459C-B86F-49336602498D}.Ad-Hoc|iPhone.Build.0 = Release|Any CPU
		{737147EF-1C0D-459C-B86F-49336602498D}.Ad-Hoc|iPhone.Deploy.0 = Release|Any CPU
		{737147EF-1C0D-459C-B86F-49336602498D}.Ad-Hoc|iPhoneSimulator.ActiveCfg = Release|Any CPU
		{737147EF-1C0D-459C-B86F-49336602498D}.Ad-Hoc|iPhoneSimulator.Build.0 = Release|Any CPU
		{737147EF-1C0D-459C-B86F-49336602498D}.Ad-Hoc|iPhoneSimulator.Deploy.0 = Release|Any CPU
		{737147EF-1C0D-459C-B86F-49336602498D}.Ad-Hoc|x64.ActiveCfg = Release|Any CPU
		{737147EF-1C0D-459C-B86F-49336602498D}.Ad-Hoc|x64.Build.0 = Release|Any CPU
		{737147EF-1C0D-459C-B86F-49336602498D}.Ad-Hoc|x64.Deploy.0 = Release|Any CPU
		{737147EF-1C0D-459C-B86F-49336602498D}.Ad-Hoc|x86.ActiveCfg = Release|x86
		{737147EF-1C0D-459C-B86F-49336602498D}.Ad-Hoc|x86.Build.0 = Release|x86
		{737147EF-1C0D-459C-B86F-49336602498D}.Ad-Hoc|x86.Deploy.0 = Release|x86
		{737147EF-1C0D-459C-B86F-49336602498D}.AppStore|Any CPU.ActiveCfg = Release|Any CPU
		{737147EF-1C0D-459C-B86F-49336602498D}.AppStore|Any CPU.Build.0 = Release|Any CPU
		{737147EF-1C0D-459C-B86F-49336602498D}.AppStore|Any CPU.Deploy.0 = Release|Any CPU
		{737147EF-1C0D-459C-B86F-49336602498D}.AppStore|ARM.ActiveCfg = Release|ARM
		{737147EF-1C0D-459C-B86F-49336602498D}.AppStore|ARM.Build.0 = Release|ARM
		{737147EF-1C0D-459C-B86F-49336602498D}.AppStore|ARM.Deploy.0 = Release|ARM
		{737147EF-1C0D-459C-B86F-49336602498D}.AppStore|iPhone.ActiveCfg = Release|Any CPU
		{737147EF-1C0D-459C-B86F-49336602498D}.AppStore|iPhone.Build.0 = Release|Any CPU
		{737147EF-1C0D-459C-B86F-49336602498D}.AppStore|iPhone.Deploy.0 = Release|Any CPU
		{737147EF-1C0D-459C-B86F-49336602498D}.AppStore|iPhoneSimulator.ActiveCfg = Release|Any CPU
		{737147EF-1C0D-459C-B86F-49336602498D}.AppStore|iPhoneSimulator.Build.0 = Release|Any CPU
		{737147EF-1C0D-459C-B86F-49336602498D}.AppStore|iPhoneSimulator.Deploy.0 = Release|Any CPU
		{737147EF-1C0D-459C-B86F-49336602498D}.AppStore|x64.ActiveCfg = Release|Any CPU
		{737147EF-1C0D-459C-B86F-49336602498D}.AppStore|x64.Build.0 = Release|Any CPU
		{737147EF-1C0D-459C-B86F-49336602498D}.AppStore|x64.Deploy.0 = Release|Any CPU
		{737147EF-1C0D-459C-B86F-49336602498D}.AppStore|x86.ActiveCfg = Release|x86
		{737147EF-1C0D-459C-B86F-49336602498D}.AppStore|x86.Build.0 = Release|x86
		{737147EF-1C0D-459C-B86F-49336602498D}.AppStore|x86.Deploy.0 = Release|x86
		{737147EF-1C0D-459C-B86F-49336602498D}.Debug|Any CPU.ActiveCfg = Debug|Any CPU
		{737147EF-1C0D-459C-B86F-49336602498D}.Debug|Any CPU.Build.0 = Debug|Any CPU
		{737147EF-1C0D-459C-B86F-49336602498D}.Debug|Any CPU.Deploy.0 = Debug|Any CPU
		{737147EF-1C0D-459C-B86F-49336602498D}.Debug|ARM.ActiveCfg = Debug|ARM
		{737147EF-1C0D-459C-B86F-49336602498D}.Debug|ARM.Build.0 = Debug|ARM
		{737147EF-1C0D-459C-B86F-49336602498D}.Debug|ARM.Deploy.0 = Debug|ARM
		{737147EF-1C0D-459C-B86F-49336602498D}.Debug|iPhone.ActiveCfg = Debug|Any CPU
		{737147EF-1C0D-459C-B86F-49336602498D}.Debug|iPhone.Build.0 = Debug|Any CPU
		{737147EF-1C0D-459C-B86F-49336602498D}.Debug|iPhone.Deploy.0 = Debug|Any CPU
		{737147EF-1C0D-459C-B86F-49336602498D}.Debug|iPhoneSimulator.ActiveCfg = Debug|Any CPU
		{737147EF-1C0D-459C-B86F-49336602498D}.Debug|iPhoneSimulator.Build.0 = Debug|Any CPU
		{737147EF-1C0D-459C-B86F-49336602498D}.Debug|iPhoneSimulator.Deploy.0 = Debug|Any CPU
		{737147EF-1C0D-459C-B86F-49336602498D}.Debug|x64.ActiveCfg = Debug|Any CPU
		{737147EF-1C0D-459C-B86F-49336602498D}.Debug|x64.Build.0 = Debug|Any CPU
		{737147EF-1C0D-459C-B86F-49336602498D}.Debug|x64.Deploy.0 = Debug|Any CPU
		{737147EF-1C0D-459C-B86F-49336602498D}.Debug|x86.ActiveCfg = Debug|x86
		{737147EF-1C0D-459C-B86F-49336602498D}.Debug|x86.Build.0 = Debug|x86
		{737147EF-1C0D-459C-B86F-49336602498D}.Debug|x86.Deploy.0 = Debug|x86
		{737147EF-1C0D-459C-B86F-49336602498D}.Release|Any CPU.ActiveCfg = Release|Any CPU
		{737147EF-1C0D-459C-B86F-49336602498D}.Release|Any CPU.Build.0 = Release|Any CPU
		{737147EF-1C0D-459C-B86F-49336602498D}.Release|Any CPU.Deploy.0 = Release|Any CPU
		{737147EF-1C0D-459C-B86F-49336602498D}.Release|ARM.ActiveCfg = Release|ARM
		{737147EF-1C0D-459C-B86F-49336602498D}.Release|ARM.Build.0 = Release|ARM
		{737147EF-1C0D-459C-B86F-49336602498D}.Release|ARM.Deploy.0 = Release|ARM
		{737147EF-1C0D-459C-B86F-49336602498D}.Release|iPhone.ActiveCfg = Release|Any CPU
		{737147EF-1C0D-459C-B86F-49336602498D}.Release|iPhone.Build.0 = Release|Any CPU
		{737147EF-1C0D-459C-B86F-49336602498D}.Release|iPhone.Deploy.0 = Release|Any CPU
		{737147EF-1C0D-459C-B86F-49336602498D}.Release|iPhoneSimulator.ActiveCfg = Release|Any CPU
		{737147EF-1C0D-459C-B86F-49336602498D}.Release|iPhoneSimulator.Build.0 = Release|Any CPU
		{737147EF-1C0D-459C-B86F-49336602498D}.Release|iPhoneSimulator.Deploy.0 = Release|Any CPU
		{737147EF-1C0D-459C-B86F-49336602498D}.Release|x64.ActiveCfg = Release|Any CPU
		{737147EF-1C0D-459C-B86F-49336602498D}.Release|x64.Build.0 = Release|Any CPU
		{737147EF-1C0D-459C-B86F-49336602498D}.Release|x64.Deploy.0 = Release|Any CPU
		{737147EF-1C0D-459C-B86F-49336602498D}.Release|x86.ActiveCfg = Release|x86
		{737147EF-1C0D-459C-B86F-49336602498D}.Release|x86.Build.0 = Release|x86
		{737147EF-1C0D-459C-B86F-49336602498D}.Release|x86.Deploy.0 = Release|x86
		{CB21AE6F-D810-4E49-BD58-F53E09F80312}.Ad-Hoc|Any CPU.ActiveCfg = Release|x86
		{CB21AE6F-D810-4E49-BD58-F53E09F80312}.Ad-Hoc|Any CPU.Build.0 = Release|x86
		{CB21AE6F-D810-4E49-BD58-F53E09F80312}.Ad-Hoc|Any CPU.Deploy.0 = Release|x86
		{CB21AE6F-D810-4E49-BD58-F53E09F80312}.Ad-Hoc|ARM.ActiveCfg = Release|ARM
		{CB21AE6F-D810-4E49-BD58-F53E09F80312}.Ad-Hoc|ARM.Build.0 = Release|ARM
		{CB21AE6F-D810-4E49-BD58-F53E09F80312}.Ad-Hoc|ARM.Deploy.0 = Release|ARM
		{CB21AE6F-D810-4E49-BD58-F53E09F80312}.Ad-Hoc|iPhone.ActiveCfg = Release|x86
		{CB21AE6F-D810-4E49-BD58-F53E09F80312}.Ad-Hoc|iPhone.Build.0 = Release|x86
		{CB21AE6F-D810-4E49-BD58-F53E09F80312}.Ad-Hoc|iPhone.Deploy.0 = Release|x86
		{CB21AE6F-D810-4E49-BD58-F53E09F80312}.Ad-Hoc|iPhoneSimulator.ActiveCfg = Release|x86
		{CB21AE6F-D810-4E49-BD58-F53E09F80312}.Ad-Hoc|iPhoneSimulator.Build.0 = Release|x86
		{CB21AE6F-D810-4E49-BD58-F53E09F80312}.Ad-Hoc|iPhoneSimulator.Deploy.0 = Release|x86
		{CB21AE6F-D810-4E49-BD58-F53E09F80312}.Ad-Hoc|x64.ActiveCfg = Release|x64
		{CB21AE6F-D810-4E49-BD58-F53E09F80312}.Ad-Hoc|x64.Build.0 = Release|x64
		{CB21AE6F-D810-4E49-BD58-F53E09F80312}.Ad-Hoc|x64.Deploy.0 = Release|x64
		{CB21AE6F-D810-4E49-BD58-F53E09F80312}.Ad-Hoc|x86.ActiveCfg = Release|x86
		{CB21AE6F-D810-4E49-BD58-F53E09F80312}.Ad-Hoc|x86.Build.0 = Release|x86
		{CB21AE6F-D810-4E49-BD58-F53E09F80312}.Ad-Hoc|x86.Deploy.0 = Release|x86
		{CB21AE6F-D810-4E49-BD58-F53E09F80312}.AppStore|Any CPU.ActiveCfg = Release|x86
		{CB21AE6F-D810-4E49-BD58-F53E09F80312}.AppStore|Any CPU.Build.0 = Release|x86
		{CB21AE6F-D810-4E49-BD58-F53E09F80312}.AppStore|Any CPU.Deploy.0 = Release|x86
		{CB21AE6F-D810-4E49-BD58-F53E09F80312}.AppStore|ARM.ActiveCfg = Release|ARM
		{CB21AE6F-D810-4E49-BD58-F53E09F80312}.AppStore|ARM.Build.0 = Release|ARM
		{CB21AE6F-D810-4E49-BD58-F53E09F80312}.AppStore|ARM.Deploy.0 = Release|ARM
		{CB21AE6F-D810-4E49-BD58-F53E09F80312}.AppStore|iPhone.ActiveCfg = Release|x86
		{CB21AE6F-D810-4E49-BD58-F53E09F80312}.AppStore|iPhone.Build.0 = Release|x86
		{CB21AE6F-D810-4E49-BD58-F53E09F80312}.AppStore|iPhone.Deploy.0 = Release|x86
		{CB21AE6F-D810-4E49-BD58-F53E09F80312}.AppStore|iPhoneSimulator.ActiveCfg = Release|x86
		{CB21AE6F-D810-4E49-BD58-F53E09F80312}.AppStore|iPhoneSimulator.Build.0 = Release|x86
		{CB21AE6F-D810-4E49-BD58-F53E09F80312}.AppStore|iPhoneSimulator.Deploy.0 = Release|x86
		{CB21AE6F-D810-4E49-BD58-F53E09F80312}.AppStore|x64.ActiveCfg = Release|x64
		{CB21AE6F-D810-4E49-BD58-F53E09F80312}.AppStore|x64.Build.0 = Release|x64
		{CB21AE6F-D810-4E49-BD58-F53E09F80312}.AppStore|x64.Deploy.0 = Release|x64
		{CB21AE6F-D810-4E49-BD58-F53E09F80312}.AppStore|x86.ActiveCfg = Release|x86
		{CB21AE6F-D810-4E49-BD58-F53E09F80312}.AppStore|x86.Build.0 = Release|x86
		{CB21AE6F-D810-4E49-BD58-F53E09F80312}.AppStore|x86.Deploy.0 = Release|x86
		{CB21AE6F-D810-4E49-BD58-F53E09F80312}.Debug|Any CPU.ActiveCfg = Debug|x86
		{CB21AE6F-D810-4E49-BD58-F53E09F80312}.Debug|ARM.ActiveCfg = Debug|ARM
		{CB21AE6F-D810-4E49-BD58-F53E09F80312}.Debug|ARM.Build.0 = Debug|ARM
		{CB21AE6F-D810-4E49-BD58-F53E09F80312}.Debug|ARM.Deploy.0 = Debug|ARM
		{CB21AE6F-D810-4E49-BD58-F53E09F80312}.Debug|iPhone.ActiveCfg = Debug|x86
		{CB21AE6F-D810-4E49-BD58-F53E09F80312}.Debug|iPhoneSimulator.ActiveCfg = Debug|x86
		{CB21AE6F-D810-4E49-BD58-F53E09F80312}.Debug|x64.ActiveCfg = Debug|x64
		{CB21AE6F-D810-4E49-BD58-F53E09F80312}.Debug|x64.Build.0 = Debug|x64
		{CB21AE6F-D810-4E49-BD58-F53E09F80312}.Debug|x64.Deploy.0 = Debug|x64
		{CB21AE6F-D810-4E49-BD58-F53E09F80312}.Debug|x86.ActiveCfg = Debug|x86
		{CB21AE6F-D810-4E49-BD58-F53E09F80312}.Debug|x86.Build.0 = Debug|x86
		{CB21AE6F-D810-4E49-BD58-F53E09F80312}.Debug|x86.Deploy.0 = Debug|x86
		{CB21AE6F-D810-4E49-BD58-F53E09F80312}.Release|Any CPU.ActiveCfg = Release|x86
		{CB21AE6F-D810-4E49-BD58-F53E09F80312}.Release|ARM.ActiveCfg = Release|ARM
		{CB21AE6F-D810-4E49-BD58-F53E09F80312}.Release|ARM.Build.0 = Release|ARM
		{CB21AE6F-D810-4E49-BD58-F53E09F80312}.Release|ARM.Deploy.0 = Release|ARM
		{CB21AE6F-D810-4E49-BD58-F53E09F80312}.Release|iPhone.ActiveCfg = Release|x86
		{CB21AE6F-D810-4E49-BD58-F53E09F80312}.Release|iPhoneSimulator.ActiveCfg = Release|x86
		{CB21AE6F-D810-4E49-BD58-F53E09F80312}.Release|x64.ActiveCfg = Release|x64
		{CB21AE6F-D810-4E49-BD58-F53E09F80312}.Release|x64.Build.0 = Release|x64
		{CB21AE6F-D810-4E49-BD58-F53E09F80312}.Release|x64.Deploy.0 = Release|x64
		{CB21AE6F-D810-4E49-BD58-F53E09F80312}.Release|x86.ActiveCfg = Release|x86
		{CB21AE6F-D810-4E49-BD58-F53E09F80312}.Release|x86.Build.0 = Release|x86
		{CB21AE6F-D810-4E49-BD58-F53E09F80312}.Release|x86.Deploy.0 = Release|x86
		{33EF8B9B-12F0-413B-AD97-43E2556EC4DE}.Ad-Hoc|Any CPU.ActiveCfg = Release|Any CPU
		{33EF8B9B-12F0-413B-AD97-43E2556EC4DE}.Ad-Hoc|Any CPU.Build.0 = Release|Any CPU
		{33EF8B9B-12F0-413B-AD97-43E2556EC4DE}.Ad-Hoc|Any CPU.Deploy.0 = Release|Any CPU
		{33EF8B9B-12F0-413B-AD97-43E2556EC4DE}.Ad-Hoc|ARM.ActiveCfg = Release|ARM
		{33EF8B9B-12F0-413B-AD97-43E2556EC4DE}.Ad-Hoc|ARM.Build.0 = Release|ARM
		{33EF8B9B-12F0-413B-AD97-43E2556EC4DE}.Ad-Hoc|ARM.Deploy.0 = Release|ARM
		{33EF8B9B-12F0-413B-AD97-43E2556EC4DE}.Ad-Hoc|iPhone.ActiveCfg = Release|Any CPU
		{33EF8B9B-12F0-413B-AD97-43E2556EC4DE}.Ad-Hoc|iPhone.Build.0 = Release|Any CPU
		{33EF8B9B-12F0-413B-AD97-43E2556EC4DE}.Ad-Hoc|iPhone.Deploy.0 = Release|Any CPU
		{33EF8B9B-12F0-413B-AD97-43E2556EC4DE}.Ad-Hoc|iPhoneSimulator.ActiveCfg = Release|Any CPU
		{33EF8B9B-12F0-413B-AD97-43E2556EC4DE}.Ad-Hoc|iPhoneSimulator.Build.0 = Release|Any CPU
		{33EF8B9B-12F0-413B-AD97-43E2556EC4DE}.Ad-Hoc|iPhoneSimulator.Deploy.0 = Release|Any CPU
		{33EF8B9B-12F0-413B-AD97-43E2556EC4DE}.Ad-Hoc|x64.ActiveCfg = Release|x64
		{33EF8B9B-12F0-413B-AD97-43E2556EC4DE}.Ad-Hoc|x64.Build.0 = Release|x64
		{33EF8B9B-12F0-413B-AD97-43E2556EC4DE}.Ad-Hoc|x64.Deploy.0 = Release|x64
		{33EF8B9B-12F0-413B-AD97-43E2556EC4DE}.Ad-Hoc|x86.ActiveCfg = Release|x86
		{33EF8B9B-12F0-413B-AD97-43E2556EC4DE}.Ad-Hoc|x86.Build.0 = Release|x86
		{33EF8B9B-12F0-413B-AD97-43E2556EC4DE}.Ad-Hoc|x86.Deploy.0 = Release|x86
		{33EF8B9B-12F0-413B-AD97-43E2556EC4DE}.AppStore|Any CPU.ActiveCfg = Release|Any CPU
		{33EF8B9B-12F0-413B-AD97-43E2556EC4DE}.AppStore|Any CPU.Build.0 = Release|Any CPU
		{33EF8B9B-12F0-413B-AD97-43E2556EC4DE}.AppStore|Any CPU.Deploy.0 = Release|Any CPU
		{33EF8B9B-12F0-413B-AD97-43E2556EC4DE}.AppStore|ARM.ActiveCfg = Release|ARM
		{33EF8B9B-12F0-413B-AD97-43E2556EC4DE}.AppStore|ARM.Build.0 = Release|ARM
		{33EF8B9B-12F0-413B-AD97-43E2556EC4DE}.AppStore|ARM.Deploy.0 = Release|ARM
		{33EF8B9B-12F0-413B-AD97-43E2556EC4DE}.AppStore|iPhone.ActiveCfg = Release|Any CPU
		{33EF8B9B-12F0-413B-AD97-43E2556EC4DE}.AppStore|iPhone.Build.0 = Release|Any CPU
		{33EF8B9B-12F0-413B-AD97-43E2556EC4DE}.AppStore|iPhone.Deploy.0 = Release|Any CPU
		{33EF8B9B-12F0-413B-AD97-43E2556EC4DE}.AppStore|iPhoneSimulator.ActiveCfg = Release|Any CPU
		{33EF8B9B-12F0-413B-AD97-43E2556EC4DE}.AppStore|iPhoneSimulator.Build.0 = Release|Any CPU
		{33EF8B9B-12F0-413B-AD97-43E2556EC4DE}.AppStore|iPhoneSimulator.Deploy.0 = Release|Any CPU
		{33EF8B9B-12F0-413B-AD97-43E2556EC4DE}.AppStore|x64.ActiveCfg = Release|x64
		{33EF8B9B-12F0-413B-AD97-43E2556EC4DE}.AppStore|x64.Build.0 = Release|x64
		{33EF8B9B-12F0-413B-AD97-43E2556EC4DE}.AppStore|x64.Deploy.0 = Release|x64
		{33EF8B9B-12F0-413B-AD97-43E2556EC4DE}.AppStore|x86.ActiveCfg = Release|x86
		{33EF8B9B-12F0-413B-AD97-43E2556EC4DE}.AppStore|x86.Build.0 = Release|x86
		{33EF8B9B-12F0-413B-AD97-43E2556EC4DE}.AppStore|x86.Deploy.0 = Release|x86
		{33EF8B9B-12F0-413B-AD97-43E2556EC4DE}.Debug|Any CPU.ActiveCfg = Debug|Any CPU
		{33EF8B9B-12F0-413B-AD97-43E2556EC4DE}.Debug|Any CPU.Build.0 = Debug|Any CPU
		{33EF8B9B-12F0-413B-AD97-43E2556EC4DE}.Debug|Any CPU.Deploy.0 = Debug|Any CPU
		{33EF8B9B-12F0-413B-AD97-43E2556EC4DE}.Debug|ARM.ActiveCfg = Debug|ARM
		{33EF8B9B-12F0-413B-AD97-43E2556EC4DE}.Debug|ARM.Build.0 = Debug|ARM
		{33EF8B9B-12F0-413B-AD97-43E2556EC4DE}.Debug|ARM.Deploy.0 = Debug|ARM
		{33EF8B9B-12F0-413B-AD97-43E2556EC4DE}.Debug|iPhone.ActiveCfg = Debug|Any CPU
		{33EF8B9B-12F0-413B-AD97-43E2556EC4DE}.Debug|iPhone.Build.0 = Debug|Any CPU
		{33EF8B9B-12F0-413B-AD97-43E2556EC4DE}.Debug|iPhone.Deploy.0 = Debug|Any CPU
		{33EF8B9B-12F0-413B-AD97-43E2556EC4DE}.Debug|iPhoneSimulator.ActiveCfg = Debug|Any CPU
		{33EF8B9B-12F0-413B-AD97-43E2556EC4DE}.Debug|iPhoneSimulator.Build.0 = Debug|Any CPU
		{33EF8B9B-12F0-413B-AD97-43E2556EC4DE}.Debug|iPhoneSimulator.Deploy.0 = Debug|Any CPU
		{33EF8B9B-12F0-413B-AD97-43E2556EC4DE}.Debug|x64.ActiveCfg = Debug|x64
		{33EF8B9B-12F0-413B-AD97-43E2556EC4DE}.Debug|x64.Build.0 = Debug|x64
		{33EF8B9B-12F0-413B-AD97-43E2556EC4DE}.Debug|x64.Deploy.0 = Debug|x64
		{33EF8B9B-12F0-413B-AD97-43E2556EC4DE}.Debug|x86.ActiveCfg = Debug|x86
		{33EF8B9B-12F0-413B-AD97-43E2556EC4DE}.Debug|x86.Build.0 = Debug|x86
		{33EF8B9B-12F0-413B-AD97-43E2556EC4DE}.Debug|x86.Deploy.0 = Debug|x86
		{33EF8B9B-12F0-413B-AD97-43E2556EC4DE}.Release|Any CPU.ActiveCfg = Release|Any CPU
		{33EF8B9B-12F0-413B-AD97-43E2556EC4DE}.Release|Any CPU.Build.0 = Release|Any CPU
		{33EF8B9B-12F0-413B-AD97-43E2556EC4DE}.Release|Any CPU.Deploy.0 = Release|Any CPU
		{33EF8B9B-12F0-413B-AD97-43E2556EC4DE}.Release|ARM.ActiveCfg = Release|ARM
		{33EF8B9B-12F0-413B-AD97-43E2556EC4DE}.Release|ARM.Build.0 = Release|ARM
		{33EF8B9B-12F0-413B-AD97-43E2556EC4DE}.Release|ARM.Deploy.0 = Release|ARM
		{33EF8B9B-12F0-413B-AD97-43E2556EC4DE}.Release|iPhone.ActiveCfg = Release|Any CPU
		{33EF8B9B-12F0-413B-AD97-43E2556EC4DE}.Release|iPhone.Build.0 = Release|Any CPU
		{33EF8B9B-12F0-413B-AD97-43E2556EC4DE}.Release|iPhone.Deploy.0 = Release|Any CPU
		{33EF8B9B-12F0-413B-AD97-43E2556EC4DE}.Release|iPhoneSimulator.ActiveCfg = Release|Any CPU
		{33EF8B9B-12F0-413B-AD97-43E2556EC4DE}.Release|iPhoneSimulator.Build.0 = Release|Any CPU
		{33EF8B9B-12F0-413B-AD97-43E2556EC4DE}.Release|iPhoneSimulator.Deploy.0 = Release|Any CPU
		{33EF8B9B-12F0-413B-AD97-43E2556EC4DE}.Release|x64.ActiveCfg = Release|x64
		{33EF8B9B-12F0-413B-AD97-43E2556EC4DE}.Release|x64.Build.0 = Release|x64
		{33EF8B9B-12F0-413B-AD97-43E2556EC4DE}.Release|x64.Deploy.0 = Release|x64
		{33EF8B9B-12F0-413B-AD97-43E2556EC4DE}.Release|x86.ActiveCfg = Release|x86
		{33EF8B9B-12F0-413B-AD97-43E2556EC4DE}.Release|x86.Build.0 = Release|x86
		{33EF8B9B-12F0-413B-AD97-43E2556EC4DE}.Release|x86.Deploy.0 = Release|x86
		{71CEBBE1-ACF6-40BC-9F80-CB1AA0148CE8}.Ad-Hoc|Any CPU.ActiveCfg = Release|Any CPU
		{71CEBBE1-ACF6-40BC-9F80-CB1AA0148CE8}.Ad-Hoc|Any CPU.Build.0 = Release|Any CPU
		{71CEBBE1-ACF6-40BC-9F80-CB1AA0148CE8}.Ad-Hoc|ARM.ActiveCfg = Release|Any CPU
		{71CEBBE1-ACF6-40BC-9F80-CB1AA0148CE8}.Ad-Hoc|ARM.Build.0 = Release|Any CPU
		{71CEBBE1-ACF6-40BC-9F80-CB1AA0148CE8}.Ad-Hoc|iPhone.ActiveCfg = Release|Any CPU
		{71CEBBE1-ACF6-40BC-9F80-CB1AA0148CE8}.Ad-Hoc|iPhone.Build.0 = Release|Any CPU
		{71CEBBE1-ACF6-40BC-9F80-CB1AA0148CE8}.Ad-Hoc|iPhoneSimulator.ActiveCfg = Release|Any CPU
		{71CEBBE1-ACF6-40BC-9F80-CB1AA0148CE8}.Ad-Hoc|iPhoneSimulator.Build.0 = Release|Any CPU
		{71CEBBE1-ACF6-40BC-9F80-CB1AA0148CE8}.Ad-Hoc|x64.ActiveCfg = Release|Any CPU
		{71CEBBE1-ACF6-40BC-9F80-CB1AA0148CE8}.Ad-Hoc|x64.Build.0 = Release|Any CPU
		{71CEBBE1-ACF6-40BC-9F80-CB1AA0148CE8}.Ad-Hoc|x86.ActiveCfg = Release|Any CPU
		{71CEBBE1-ACF6-40BC-9F80-CB1AA0148CE8}.Ad-Hoc|x86.Build.0 = Release|Any CPU
		{71CEBBE1-ACF6-40BC-9F80-CB1AA0148CE8}.AppStore|Any CPU.ActiveCfg = Release|Any CPU
		{71CEBBE1-ACF6-40BC-9F80-CB1AA0148CE8}.AppStore|Any CPU.Build.0 = Release|Any CPU
		{71CEBBE1-ACF6-40BC-9F80-CB1AA0148CE8}.AppStore|ARM.ActiveCfg = Release|Any CPU
		{71CEBBE1-ACF6-40BC-9F80-CB1AA0148CE8}.AppStore|ARM.Build.0 = Release|Any CPU
		{71CEBBE1-ACF6-40BC-9F80-CB1AA0148CE8}.AppStore|iPhone.ActiveCfg = Release|Any CPU
		{71CEBBE1-ACF6-40BC-9F80-CB1AA0148CE8}.AppStore|iPhone.Build.0 = Release|Any CPU
		{71CEBBE1-ACF6-40BC-9F80-CB1AA0148CE8}.AppStore|iPhoneSimulator.ActiveCfg = Release|Any CPU
		{71CEBBE1-ACF6-40BC-9F80-CB1AA0148CE8}.AppStore|iPhoneSimulator.Build.0 = Release|Any CPU
		{71CEBBE1-ACF6-40BC-9F80-CB1AA0148CE8}.AppStore|x64.ActiveCfg = Release|Any CPU
		{71CEBBE1-ACF6-40BC-9F80-CB1AA0148CE8}.AppStore|x64.Build.0 = Release|Any CPU
		{71CEBBE1-ACF6-40BC-9F80-CB1AA0148CE8}.AppStore|x86.ActiveCfg = Release|Any CPU
		{71CEBBE1-ACF6-40BC-9F80-CB1AA0148CE8}.AppStore|x86.Build.0 = Release|Any CPU
		{71CEBBE1-ACF6-40BC-9F80-CB1AA0148CE8}.Debug|Any CPU.ActiveCfg = Debug|Any CPU
		{71CEBBE1-ACF6-40BC-9F80-CB1AA0148CE8}.Debug|Any CPU.Build.0 = Debug|Any CPU
		{71CEBBE1-ACF6-40BC-9F80-CB1AA0148CE8}.Debug|ARM.ActiveCfg = Debug|Any CPU
		{71CEBBE1-ACF6-40BC-9F80-CB1AA0148CE8}.Debug|ARM.Build.0 = Debug|Any CPU
		{71CEBBE1-ACF6-40BC-9F80-CB1AA0148CE8}.Debug|iPhone.ActiveCfg = Debug|Any CPU
		{71CEBBE1-ACF6-40BC-9F80-CB1AA0148CE8}.Debug|iPhone.Build.0 = Debug|Any CPU
		{71CEBBE1-ACF6-40BC-9F80-CB1AA0148CE8}.Debug|iPhoneSimulator.ActiveCfg = Debug|Any CPU
		{71CEBBE1-ACF6-40BC-9F80-CB1AA0148CE8}.Debug|iPhoneSimulator.Build.0 = Debug|Any CPU
		{71CEBBE1-ACF6-40BC-9F80-CB1AA0148CE8}.Debug|x64.ActiveCfg = Debug|Any CPU
		{71CEBBE1-ACF6-40BC-9F80-CB1AA0148CE8}.Debug|x64.Build.0 = Debug|Any CPU
		{71CEBBE1-ACF6-40BC-9F80-CB1AA0148CE8}.Debug|x86.ActiveCfg = Debug|Any CPU
		{71CEBBE1-ACF6-40BC-9F80-CB1AA0148CE8}.Debug|x86.Build.0 = Debug|Any CPU
		{71CEBBE1-ACF6-40BC-9F80-CB1AA0148CE8}.Release|Any CPU.ActiveCfg = Release|Any CPU
		{71CEBBE1-ACF6-40BC-9F80-CB1AA0148CE8}.Release|Any CPU.Build.0 = Release|Any CPU
		{71CEBBE1-ACF6-40BC-9F80-CB1AA0148CE8}.Release|ARM.ActiveCfg = Release|Any CPU
		{71CEBBE1-ACF6-40BC-9F80-CB1AA0148CE8}.Release|ARM.Build.0 = Release|Any CPU
		{71CEBBE1-ACF6-40BC-9F80-CB1AA0148CE8}.Release|iPhone.ActiveCfg = Release|Any CPU
		{71CEBBE1-ACF6-40BC-9F80-CB1AA0148CE8}.Release|iPhone.Build.0 = Release|Any CPU
		{71CEBBE1-ACF6-40BC-9F80-CB1AA0148CE8}.Release|iPhoneSimulator.ActiveCfg = Release|Any CPU
		{71CEBBE1-ACF6-40BC-9F80-CB1AA0148CE8}.Release|iPhoneSimulator.Build.0 = Release|Any CPU
		{71CEBBE1-ACF6-40BC-9F80-CB1AA0148CE8}.Release|x64.ActiveCfg = Release|Any CPU
		{71CEBBE1-ACF6-40BC-9F80-CB1AA0148CE8}.Release|x64.Build.0 = Release|Any CPU
		{71CEBBE1-ACF6-40BC-9F80-CB1AA0148CE8}.Release|x86.ActiveCfg = Release|Any CPU
		{71CEBBE1-ACF6-40BC-9F80-CB1AA0148CE8}.Release|x86.Build.0 = Release|Any CPU
	EndGlobalSection
	GlobalSection(SolutionProperties) = preSolution
		HideSolutionNode = FALSE
	EndGlobalSection
	GlobalSection(NestedProjects) = preSolution
		{2C0DF815-D7E2-4219-97C9-188DBBD9BAD3} = {BA6626E8-EF1A-4D7C-AD1D-76E9D094A1AE}
		{98828718-1B7A-48A1-9E74-3A2048B550C5} = {BA6626E8-EF1A-4D7C-AD1D-76E9D094A1AE}
		{E5560ACB-6C32-43D5-A38A-9F766200D522} = {BA6626E8-EF1A-4D7C-AD1D-76E9D094A1AE}
		{737147EF-1C0D-459C-B86F-49336602498D} = {BA6626E8-EF1A-4D7C-AD1D-76E9D094A1AE}
		{CB21AE6F-D810-4E49-BD58-F53E09F80312} = {BA6626E8-EF1A-4D7C-AD1D-76E9D094A1AE}
		{33EF8B9B-12F0-413B-AD97-43E2556EC4DE} = {BA6626E8-EF1A-4D7C-AD1D-76E9D094A1AE}
		{71CEBBE1-ACF6-40BC-9F80-CB1AA0148CE8} = {59137B7F-89EF-49F5-8A4C-504CE6073A18}
	EndGlobalSection
EndGlobal
